lockfileVersion: '9.0'

settings:
  autoInstallPeers: true
  excludeLinksFromLockfile: false

importers:

  .:
    dependencies:
      '@atproto/api':
        specifier: ^0.13.12
        version: 0.13.12
      '@discordjs/builders':
        specifier: ^1.9.0
        version: 1.9.0
      '@elara-services/bluesky':
        specifier: ^1.0.4
        version: 1.0.4(discord.js@14.16.3)
      '@types/node':
        specifier: ^22.8.1
        version: 22.8.1
      axios:
        specifier: ^1.7.7
        version: 1.7.7
      ms:
        specifier: ^2.1.3
        version: 2.1.3
      yaml:
        specifier: ^2.6.0
        version: 2.6.0

packages:

  '@atproto/api@0.13.12':
    resolution: {integrity: sha512-U/qimbjlX0MA4MsR+GDuAnFtmdFuGi7eMQZm51s9gbDUw6y4RARL6gaZ0Ju9fBZpS45sI+ShlUHzIoEiBaRvkg==}

  '@atproto/api@0.7.4':
    resolution: {integrity: sha512-7DBy6/OcXemzCPzA0dx52LLYRABBs8bq9Docs3is+WRgEx5/Pd1kHSAlCHIaBhsym8fZ3/U4Fks/5FSHkSm4yQ==}

  '@atproto/common-web@0.2.4':
    resolution: {integrity: sha512-6+DOhQcTklFmeiSkZRx6iFeqi4OFtGl4yEDGATk00q4tEcPoPvyOBtYHN6+G9lrfJIfx5RfmggamvXlJv1PxxA==}

  '@atproto/common-web@0.3.1':
    resolution: {integrity: sha512-N7wiTnus5vAr+lT//0y8m/FaHHLJ9LpGuEwkwDAeV3LCiPif4m/FS8x/QOYrx1PdZQwKso95RAPzCGWQBH5j6Q==}

  '@atproto/lexicon@0.3.3':
    resolution: {integrity: sha512-6FOjdc3V05JKrtkhjfhHMS7f/4hMJOeHNtoE3Na7iFMpzBz0Lw5sw8kIFKY8pc8IG79qGcFgELyHLsljZYX+5A==}

  '@atproto/lexicon@0.4.2':
    resolution: {integrity: sha512-CXoOkhcdF3XVUnR2oNgCs2ljWfo/8zUjxL5RIhJW/UNLp/FSl+KpF8Jm5fbk8Y/XXVPGRAsv9OYfxyU/14N/pw==}

  '@atproto/syntax@0.1.5':
    resolution: {integrity: sha512-pbY5lOnThoAbsmrdbN9LC/dNmckfqODJiX9zjW2t3BIHYFeGBc6w9bK3Vre8A0Hg8yWkQpv6gaBLu+ykgi2DJQ==}

  '@atproto/syntax@0.2.1':
    resolution: {integrity: sha512-ImOuiICtB5h78j90hAYOfTYzr5q5Wut0irNdELiogA3i74a8EXThe+j6Tj8snanYggrShbu5c6BDc1tVj477Yw==}

  '@atproto/syntax@0.3.0':
    resolution: {integrity: sha512-Weq0ZBxffGHDXHl9U7BQc2BFJi/e23AL+k+i5+D9hUq/bzT4yjGsrCejkjq0xt82xXDjmhhvQSZ0LqxyZ5woxA==}

  '@atproto/xrpc@0.4.3':
    resolution: {integrity: sha512-0rn3abHORG0T93mci8WW97Cpg2ClU2aCtTq5rxdCPRsl9P4tyP+8F4snbkrIaMbVO05Rd9D9gFwtWs5Z473pCQ==}

  '@atproto/xrpc@0.6.3':
    resolution: {integrity: sha512-S3tRvOdA9amPkKLll3rc4vphlDitLrkN5TwWh5Tu/jzk7mnobVVE3akYgICV9XCNHKjWM+IAPxFFI2qi+VW6nQ==}

  '@discordjs/builders@1.9.0':
    resolution: {integrity: sha512-0zx8DePNVvQibh5ly5kCEei5wtPBIUbSoE9n+91Rlladz4tgtFbJ36PZMxxZrTEOQ7AHMZ/b0crT/0fCy6FTKg==}
    engines: {node: '>=18'}

  '@discordjs/collection@1.5.3':
    resolution: {integrity: sha512-SVb428OMd3WO1paV3rm6tSjM4wC+Kecaa1EUGX7vc6/fddvw/6lg90z4QtCqm21zvVe92vMMDt9+DkIvjXImQQ==}
    engines: {node: '>=16.11.0'}

  '@discordjs/collection@2.1.1':
    resolution: {integrity: sha512-LiSusze9Tc7qF03sLCujF5iZp7K+vRNEDBZ86FT9aQAv3vxMLihUvKvpsCWiQ2DJq1tVckopKm1rxomgNUc9hg==}
    engines: {node: '>=18'}

  '@discordjs/formatters@0.5.0':
    resolution: {integrity: sha512-98b3i+Y19RFq1Xke4NkVY46x8KjJQjldHUuEbCqMvp1F5Iq9HgnGpu91jOi/Ufazhty32eRsKnnzS8n4c+L93g==}
    engines: {node: '>=18'}

  '@discordjs/rest@2.4.0':
    resolution: {integrity: sha512-Xb2irDqNcq+O8F0/k/NaDp7+t091p+acb51iA4bCKfIn+WFWd6HrNvcsSbMMxIR9NjcMZS6NReTKygqiQN+ntw==}
    engines: {node: '>=18'}

  '@discordjs/util@1.1.1':
    resolution: {integrity: sha512-eddz6UnOBEB1oITPinyrB2Pttej49M9FZQY8NxgEvc3tq6ZICZ19m70RsmzRdDHk80O9NoYN/25AqJl8vPVf/g==}
    engines: {node: '>=18'}

  '@discordjs/ws@1.1.1':
    resolution: {integrity: sha512-PZ+vLpxGCRtmr2RMkqh8Zp+BenUaJqlS6xhgWKEZcgC/vfHLEzpHtKkB0sl3nZWpwtcKk6YWy+pU3okL2I97FA==}
    engines: {node: '>=16.11.0'}

  '@elara-services/bluesky@1.0.4':
    resolution: {integrity: sha512-pMX0geFLrF2IUd9oMILYDX/tv6zs2tlX3upWdMN0s+Qw4wyw/aHiIOc3HcM/+tEvu5J0X0qYG22eCC+lMlQkrA==}

  '@elara-services/fetch@2.0.1':
    resolution: {integrity: sha512-AgDQkqTsQyWp1hbPb634MKQwyRnWG3bgw0E7sJPVWhKEF/+5L0kWretu8x6hr60hQFaHdcYfpNWhQC/a//TtZg==}

  '@elara-services/fetch@2.0.2':
    resolution: {integrity: sha512-NOCeCxpuN6WZzOeijPxhLGOSxO3p9cHs0dHh2uP4abvfa36ta0+cTt7h6MlKlr4J4Sihc+D9/7ng/YMhbrfsGA==}

  '@elara-services/packages@6.1.0':
    resolution: {integrity: sha512-TNyO2SeeEFq02lG5MbYR0GS1blt7VtAhbaFOYSLZntb3sH7YyJdHsPzKSRNaKmSmVcTMvdSBv6xMpKV2F48yMg==}

  '@elara-services/sdk@2.0.2':
    resolution: {integrity: sha512-Wz27QtV/eZ3CziVvlv5t54TZrUSoV33BaNWyDwpPfQ252ieg9CwiZtmrHypIPmSOmSPcWsLC0W4QF460ZaFZ9w==}

  '@elara-services/utils@1.7.0':
    resolution: {integrity: sha512-vqvVm3RGBtFkWeK1yhmY7NC1AmfYcYusmiYlrkTv5fzzh6oLvNDzKTrFqjwCxMN5kYcwnMVxU2STfq6P0QSZrQ==}

  '@elara-services/webhooks@2.1.18':
    resolution: {integrity: sha512-hCIkCpieVZB6PqkInq/ES0D2HMeSdT7nRTu4ZunDekYOnWmmvFG0iWgG653JGBCViDehnQ6wX5OkzCMwyxBChQ==}
    peerDependencies:
      discord.js: '*'

  '@sapphire/async-queue@1.5.3':
    resolution: {integrity: sha512-x7zadcfJGxFka1Q3f8gCts1F0xMwCKbZweM85xECGI0hBTeIZJGGCrHgLggihBoprlQ/hBmDR5LKfIPqnmHM3w==}
    engines: {node: '>=v14.0.0', npm: '>=7.0.0'}

  '@sapphire/shapeshift@4.0.0':
    resolution: {integrity: sha512-d9dUmWVA7MMiKobL3VpLF8P2aeanRTu6ypG2OIaEv/ZHH/SUQ2iHOVyi5wAPjQ+HmnMuL0whK9ez8I/raWbtIg==}
    engines: {node: '>=v16'}

  '@sapphire/snowflake@3.5.3':
    resolution: {integrity: sha512-jjmJywLAFoWeBi1W7994zZyiNWPIiqRRNAmSERxyg93xRGzNYvGjlZ0gR6x0F4gPRi2+0O6S71kOZYyr3cxaIQ==}
    engines: {node: '>=v14.0.0', npm: '>=7.0.0'}

  '@types/node@22.8.1':
    resolution: {integrity: sha512-k6Gi8Yyo8EtrNtkHXutUu2corfDf9su95VYVP10aGYMMROM6SAItZi0w1XszA6RtWTHSVp5OeFof37w0IEqCQg==}

  '@types/ws@8.5.12':
    resolution: {integrity: sha512-3tPRkv1EtkDpzlgyKyI8pGsGZAGPEaXeu0DOj5DI25Ja91bdAYddYHbADRYVrZMRbfW+1l5YwXVDKohDJNQxkQ==}

  '@vladfrangu/async_event_emitter@2.4.6':
    resolution: {integrity: sha512-RaI5qZo6D2CVS6sTHFKg1v5Ohq/+Bo2LZ5gzUEwZ/WkHhwtGTCB/sVLw8ijOkAUxasZ+WshN/Rzj4ywsABJ5ZA==}
    engines: {node: '>=v14.0.0', npm: '>=7.0.0'}

  asynckit@0.4.0:
    resolution: {integrity: sha512-Oei9OH4tRh0YqU3GxhX79dM/mwVgvbZJaSNaRk+bshkj0S5cfHcgYakreBjrHwatXKbz+IoIdYLxrKim2MjW0Q==}

  await-lock@2.2.2:
    resolution: {integrity: sha512-aDczADvlvTGajTDjcjpJMqRkOF6Qdz3YbPZm/PyW6tKPkx2hlYBzxMhEywM/tU72HrVZjgl5VCdRuMlA7pZ8Gw==}

  axios@1.7.7:
    resolution: {integrity: sha512-S4kL7XrjgBmvdGut0sN3yJxqYzrDOnivkBiN0OFs6hLiUam3UPvswUo0kqGyhqUZGEOytHyumEdXsAkgCOUf3Q==}

  combined-stream@1.0.8:
    resolution: {integrity: sha512-FQN4MRfuJeHf7cBbBMJFXhKSDq+2kAArBlmRBvcvFE5BB1HZKXtSFASDhdlz9zOYwxh8lDdnvmMOe/+5cdoEdg==}
    engines: {node: '>= 0.8'}

  cron-parser@4.9.0:
    resolution: {integrity: sha512-p0SaNjrHOnQeR8/VnfGbmg9te2kfyYSQ7Sc/j/6DtPL3JQvKxmjO9TSjNFpujqV3vEYYBvNNvXSxzyksBWAx1Q==}
    engines: {node: '>=12.0.0'}

  delayed-stream@1.0.0:
    resolution: {integrity: sha512-ZySD7Nf91aLB0RxL4KGrKHBXl7Eds1DAmEdcoVawXnLD7SDhpNgtuII2aAkg7a7QS41jxPSZ17p4VdGnMHk3MQ==}
    engines: {node: '>=0.4.0'}

  discord-api-types@0.37.100:
    resolution: {integrity: sha512-a8zvUI0GYYwDtScfRd/TtaNBDTXwP5DiDVX7K5OmE+DRT57gBqKnwtOC5Ol8z0mRW8KQfETIgiB8U0YZ9NXiCA==}

  discord-api-types@0.37.103:
    resolution: {integrity: sha512-r+qitxXKe2l6KFw5odPdZSSqdEou+7eNC7BfbZ7mny5Me/K06wCTeKUMVeH/YsI9+4QQudskeQ307kr/7ppQ1A==}

  discord-api-types@0.37.48:
    resolution: {integrity: sha512-vu2NQJD7SZRjpKDC2DPNsxTz34KS53OrotA+LGRW6mcyT55Hjqu66aRrouzjYhea7tllL9I7rvWVX7bg3aT2AQ==}

  discord-api-types@0.37.83:
    resolution: {integrity: sha512-urGGYeWtWNYMKnYlZnOnDHm8fVRffQs3U0SpE8RHeiuLKb/u92APS8HoQnPTFbnXmY1vVnXjXO4dOxcAn3J+DA==}

  discord-api-types@0.37.97:
    resolution: {integrity: sha512-No1BXPcVkyVD4ZVmbNgDKaBoqgeQ+FJpzZ8wqHkfmBnTZig1FcH3iPPersiK1TUIAzgClh2IvOuVUYfcWLQAOA==}

  discord.js@14.16.3:
    resolution: {integrity: sha512-EPCWE9OkA9DnFFNrO7Kl1WHHDYFXu3CNVFJg63bfU7hVtjZGyhShwZtSBImINQRWxWP2tgo2XI+QhdXx28r0aA==}
    engines: {node: '>=18'}

  fast-deep-equal@3.1.3:
    resolution: {integrity: sha512-f3qQ9oQy9j2AhBe/H9VC91wLmKBCCU/gDOnKNAYG5hswO7BLKj09Hc5HYNz9cGI++xlpDCIgDaitVs03ATR84Q==}

  follow-redirects@1.15.9:
    resolution: {integrity: sha512-gew4GsXizNgdoRyqmyfMHyAmXsZDk6mHkSxZFCzW9gwlbtOW44CDtYavM+y+72qD/Vq2l550kMF52DT8fOLJqQ==}
    engines: {node: '>=4.0'}
    peerDependencies:
      debug: '*'
    peerDependenciesMeta:
      debug:
        optional: true

  form-data@4.0.1:
    resolution: {integrity: sha512-tzN8e4TX8+kkxGPK8D5u0FNmjPUjw3lwC9lSLxxoB/+GtsJG91CO8bSWy73APlgAZzZbXEYZJuxjkHH2w+Ezhw==}
    engines: {node: '>= 6'}

  graphemer@1.4.0:
    resolution: {integrity: sha512-EtKwoO6kxCL9WO5xipiHTZlSzBm7WLT627TqC/uVRd0HKmq8NXyebnNYxDoBi7wt8eTWrUrKXCOVaFq9x1kgag==}

  iso-datestring-validator@2.2.2:
    resolution: {integrity: sha512-yLEMkBbLZTlVQqOnQ4FiMujR6T4DEcCb1xizmvXS+OxuhwcbtynoosRzdMA69zZCShCNAbi+gJ71FxZBBXx1SA==}

  lodash.snakecase@4.1.1:
    resolution: {integrity: sha512-QZ1d4xoBHYUeuouhEq3lk3Uq7ldgyFXGBhg04+oRLnIz8o9T65Eh+8YdroUwn846zchkA9yDsDl5CVVaV2nqYw==}

  lodash@4.17.21:
    resolution: {integrity: sha512-v2kDEe57lecTulaDIuNTPy3Ry4gLGJ6Z1O3vE1krgXZNrsQ+LFTGHVxVjcXPs17LhbZVGedAJv8XZ1tvj5FvSg==}

  long-timeout@0.1.1:
    resolution: {integrity: sha512-BFRuQUqc7x2NWxfJBCyUrN8iYUYznzL9JROmRz1gZ6KlOIgmoD+njPVbb+VNn2nGMKggMsK79iUNErillsrx7w==}

  luxon@3.5.0:
    resolution: {integrity: sha512-rh+Zjr6DNfUYR3bPwJEnuwDdqMbxZW7LOQfUN4B54+Cl+0o5zaU9RJ6bcidfDtC1cWCZXQ+nvX8bf6bAji37QQ==}
    engines: {node: '>=12'}

  magic-bytes.js@1.10.0:
    resolution: {integrity: sha512-/k20Lg2q8LE5xiaaSkMXk4sfvI+9EGEykFS4b0CHHGWqDYU0bGUFSwchNOMA56D7TCs9GwVTkqe9als1/ns8UQ==}

  mime-db@1.52.0:
    resolution: {integrity: sha512-sPU4uV7dYlvtWJxwwxHD0PuihVNiE7TyAbQ5SWxDCB9mUYvOgroQOwYQQOKPJ8CIbE+1ETVlOoK1UC2nU3gYvg==}
    engines: {node: '>= 0.6'}

  mime-types@2.1.35:
    resolution: {integrity: sha512-ZDY+bPm5zTTF+YpCrAU9nK0UgICYPT0QtT1NZWFv4s++TNkcgVaT0g6+4R2uI4MjQjzysHB1zxuWL50hzaeXiw==}
    engines: {node: '>= 0.6'}

  moment-duration-format@2.3.2:
    resolution: {integrity: sha512-cBMXjSW+fjOb4tyaVHuaVE/A5TqkukDWiOfxxAjY+PEqmmBQlLwn+8OzwPiG3brouXKY5Un4pBjAeB6UToXHaQ==}

  moment@2.30.1:
    resolution: {integrity: sha512-uEmtNhbDOrWPFS+hdjFCBfy9f2YoyzRpwcl+DqpC6taX21FzsTLQVbMV/W7PzNSX6x/bhC1zA3c2UQ5NzH6how==}

  ms@2.1.3:
    resolution: {integrity: sha512-6FlzubTLZG3J2a/NVCAleEhjzq5oxgHyaCU9yYXvcLsvoVaHJq/s5xXI6/XXP6tz7R9xAOtHnSO/tXtF3WRTlA==}

  multiformats@9.9.0:
    resolution: {integrity: sha512-HoMUjhH9T8DDBNT+6xzkrd9ga/XiBI4xLr58LJACwK6G3HTOPeMz4nB4KJs33L2BelrIJa7P0VuNaVF3hMYfjg==}

  node-schedule@2.1.1:
    resolution: {integrity: sha512-OXdegQq03OmXEjt2hZP33W2YPs/E5BcFQks46+G2gAxs4gHOIVD1u7EqlYLYSKsaIpyKCK9Gbk0ta1/gjRSMRQ==}
    engines: {node: '>=6'}

  proxy-from-env@1.1.0:
    resolution: {integrity: sha512-D+zkORCbA9f1tdWRK0RaCR3GPv50cMxcrz4X8k5LTSUD1Dkw47mKJEZQNunItRTkWwgtaUSo1RVFRIG9ZXiFYg==}

  rxjs@7.8.1:
    resolution: {integrity: sha512-AA3TVj+0A2iuIoQkWEK/tqFjBq2j+6PO6Y0zJcvzLAFhEFIO3HL0vls9hWLncZbAAbK0mar7oZ4V079I/qPMxg==}

  sorted-array-functions@1.3.0:
    resolution: {integrity: sha512-2sqgzeFlid6N4Z2fUQ1cvFmTOLRi/sEDzSQ0OKYchqgoPmQBVyM3959qYx3fpS6Esef80KjmpgPeEr028dP3OA==}

  tlds@1.255.0:
    resolution: {integrity: sha512-tcwMRIioTcF/FcxLev8MJWxCp+GUALRhFEqbDoZrnowmKSGqPrl5pqS+Sut2m8BgJ6S4FExCSSpGffZ0Tks6Aw==}
    hasBin: true

  ts-mixer@6.0.4:
    resolution: {integrity: sha512-ufKpbmrugz5Aou4wcr5Wc1UUFWOLhq+Fm6qa6P0w0K5Qw2yhaUoiWszhCVuNQyNwrlGiscHOmqYoAox1PtvgjA==}

  tslib@2.8.0:
    resolution: {integrity: sha512-jWVzBLplnCmoaTr13V9dYbiQ99wvZRd0vNWaDRg+aVYRcjDF3nDksxFDE/+fkXnKhpnUUkmx5pK/v8mCtLVqZA==}

  typed-emitter@2.1.0:
    resolution: {integrity: sha512-g/KzbYKbH5C2vPkaXGu8DJlHrGKHLsM25Zg9WuC9pMGfuvT+X25tZQWo5fK1BjBm8+UrVE9LDCvaY0CQk+fXDA==}

  uint8arrays@3.0.0:
    resolution: {integrity: sha512-HRCx0q6O9Bfbp+HHSfQQKD7wU70+lydKVt4EghkdOvlK/NlrF90z+eXV34mUd48rNvVJXwkrMSPpCATkct8fJA==}

  undici-types@6.19.8:
    resolution: {integrity: sha512-ve2KP6f/JnbPBFyobGHuerC9g1FYGn/F8n1LWTwNxCEzd6IfqTwUQcNXgEtmmQ6DlRrC1hrSrBnCZPokRrDHjw==}

  undici@6.19.8:
    resolution: {integrity: sha512-U8uCCl2x9TK3WANvmBavymRzxbfFYG+tAu+fgx3zxQy3qdagQqBLwJVrdyO1TBfUXvfKveMKJZhpvUYoOjM+4g==}
    engines: {node: '>=18.17'}

  ws@8.18.0:
    resolution: {integrity: sha512-8VbfWfHLbbwu3+N6OKsOMpBdT4kXPDDB9cJk2bJ6mh9ucxdlnNvH1e+roYkKmN9Nxw2yjz7VzeO9oOz2zJ04Pw==}
    engines: {node: '>=10.0.0'}
    peerDependencies:
      bufferutil: ^4.0.1
      utf-8-validate: '>=5.0.2'
    peerDependenciesMeta:
      bufferutil:
        optional: true
      utf-8-validate:
        optional: true

  yaml@2.6.0:
    resolution: {integrity: sha512-a6ae//JvKDEra2kdi1qzCyrJW/WZCgFi8ydDV+eXExl95t+5R+ijnqHJbz9tmMh8FUjx3iv2fCQ4dclAQlO2UQ==}
    engines: {node: '>= 14'}
    hasBin: true

  zod@3.23.8:
    resolution: {integrity: sha512-XBx9AXhXktjUqnepgTiE5flcKIYWi/rme0Eaj+5Y0lftuGBq+jyRu/md4WnuxqgP1ubdpNCsYEYPxrzVHD8d6g==}

snapshots:

  '@atproto/api@0.13.12':
    dependencies:
      '@atproto/common-web': 0.3.1
      '@atproto/lexicon': 0.4.2
      '@atproto/syntax': 0.3.0
      '@atproto/xrpc': 0.6.3
      await-lock: 2.2.2
      multiformats: 9.9.0
      tlds: 1.255.0
      zod: 3.23.8

  '@atproto/api@0.7.4':
    dependencies:
      '@atproto/common-web': 0.2.4
      '@atproto/lexicon': 0.3.3
      '@atproto/syntax': 0.1.5
      '@atproto/xrpc': 0.4.3
      multiformats: 9.9.0
      tlds: 1.255.0
      typed-emitter: 2.1.0
      zod: 3.23.8

  '@atproto/common-web@0.2.4':
    dependencies:
      graphemer: 1.4.0
      multiformats: 9.9.0
      uint8arrays: 3.0.0
      zod: 3.23.8

  '@atproto/common-web@0.3.1':
    dependencies:
      graphemer: 1.4.0
      multiformats: 9.9.0
      uint8arrays: 3.0.0
      zod: 3.23.8

  '@atproto/lexicon@0.3.3':
    dependencies:
      '@atproto/common-web': 0.2.4
      '@atproto/syntax': 0.2.1
      iso-datestring-validator: 2.2.2
      multiformats: 9.9.0
      zod: 3.23.8

  '@atproto/lexicon@0.4.2':
    dependencies:
      '@atproto/common-web': 0.3.1
      '@atproto/syntax': 0.3.0
      iso-datestring-validator: 2.2.2
      multiformats: 9.9.0
      zod: 3.23.8

  '@atproto/syntax@0.1.5':
    dependencies:
      '@atproto/common-web': 0.2.4

  '@atproto/syntax@0.2.1':
    dependencies:
      '@atproto/common-web': 0.2.4

  '@atproto/syntax@0.3.0': {}

  '@atproto/xrpc@0.4.3':
    dependencies:
      '@atproto/lexicon': 0.3.3
      zod: 3.23.8

  '@atproto/xrpc@0.6.3':
    dependencies:
      '@atproto/lexicon': 0.4.2
      zod: 3.23.8

  '@discordjs/builders@1.9.0':
    dependencies:
      '@discordjs/formatters': 0.5.0
      '@discordjs/util': 1.1.1
      '@sapphire/shapeshift': 4.0.0
      discord-api-types: 0.37.97
      fast-deep-equal: 3.1.3
      ts-mixer: 6.0.4
      tslib: 2.8.0

  '@discordjs/collection@1.5.3': {}

  '@discordjs/collection@2.1.1': {}

  '@discordjs/formatters@0.5.0':
    dependencies:
      discord-api-types: 0.37.97

  '@discordjs/rest@2.4.0':
    dependencies:
      '@discordjs/collection': 2.1.1
      '@discordjs/util': 1.1.1
      '@sapphire/async-queue': 1.5.3
      '@sapphire/snowflake': 3.5.3
      '@vladfrangu/async_event_emitter': 2.4.6
      discord-api-types: 0.37.97
      magic-bytes.js: 1.10.0
      tslib: 2.8.0
      undici: 6.19.8

  '@discordjs/util@1.1.1': {}

  '@discordjs/ws@1.1.1':
    dependencies:
      '@discordjs/collection': 2.1.1
      '@discordjs/rest': 2.4.0
      '@discordjs/util': 1.1.1
      '@sapphire/async-queue': 1.5.3
      '@types/ws': 8.5.12
      '@vladfrangu/async_event_emitter': 2.4.6
      discord-api-types: 0.37.83
      tslib: 2.8.0
      ws: 8.18.0
    transitivePeerDependencies:
      - bufferutil
      - utf-8-validate

  '@elara-services/bluesky@1.0.4(discord.js@14.16.3)':
    dependencies:
      '@atproto/api': 0.7.4
      '@elara-services/utils': 1.7.0
      '@elara-services/webhooks': 2.1.18(discord.js@14.16.3)
      discord-api-types: 0.37.103
    transitivePeerDependencies:
      - discord.js

  '@elara-services/fetch@2.0.1':
    optional: true

  '@elara-services/fetch@2.0.2': {}

  '@elara-services/packages@6.1.0':
    dependencies:
      '@elara-services/utils': 1.7.0
      discord-api-types: 0.37.48
      node-schedule: 2.1.1
    optionalDependencies:
      '@elara-services/fetch': 2.0.1

  '@elara-services/sdk@2.0.2':
    dependencies:
      '@elara-services/fetch': 2.0.2
      discord-api-types: 0.37.103

  '@elara-services/utils@1.7.0':
    dependencies:
      '@discordjs/collection': 1.5.3
      '@discordjs/rest': 2.4.0
      '@elara-services/fetch': 2.0.2
      '@elara-services/packages': 6.1.0
      '@elara-services/sdk': 2.0.2
      '@sapphire/snowflake': 3.5.3
      discord-api-types: 0.37.103
      moment: 2.30.1
      moment-duration-format: 2.3.2

  '@elara-services/webhooks@2.1.18(discord.js@14.16.3)':
    dependencies:
      '@discordjs/builders': 1.9.0
      '@discordjs/rest': 2.4.0
      '@elara-services/utils': 1.7.0
      discord-api-types: 0.37.103
      discord.js: 14.16.3

  '@sapphire/async-queue@1.5.3': {}

  '@sapphire/shapeshift@4.0.0':
    dependencies:
      fast-deep-equal: 3.1.3
      lodash: 4.17.21

  '@sapphire/snowflake@3.5.3': {}

  '@types/node@22.8.1':
    dependencies:
      undici-types: 6.19.8

  '@types/ws@8.5.12':
    dependencies:
      '@types/node': 22.8.1

  '@vladfrangu/async_event_emitter@2.4.6': {}

  asynckit@0.4.0: {}

  await-lock@2.2.2: {}

  axios@1.7.7:
    dependencies:
      follow-redirects: 1.15.9
      form-data: 4.0.1
      proxy-from-env: 1.1.0
    transitivePeerDependencies:
      - debug

  combined-stream@1.0.8:
    dependencies:
      delayed-stream: 1.0.0

  cron-parser@4.9.0:
    dependencies:
      luxon: 3.5.0

  delayed-stream@1.0.0: {}

  discord-api-types@0.37.100: {}

  discord-api-types@0.37.103: {}

  discord-api-types@0.37.48: {}

  discord-api-types@0.37.83: {}

  discord-api-types@0.37.97: {}

  discord.js@14.16.3:
    dependencies:
      '@discordjs/builders': 1.9.0
      '@discordjs/collection': 1.5.3
      '@discordjs/formatters': 0.5.0
      '@discordjs/rest': 2.4.0
      '@discordjs/util': 1.1.1
      '@discordjs/ws': 1.1.1
      '@sapphire/snowflake': 3.5.3
      discord-api-types: 0.37.100
      fast-deep-equal: 3.1.3
      lodash.snakecase: 4.1.1
      tslib: 2.8.0
      undici: 6.19.8
    transitivePeerDependencies:
      - bufferutil
      - utf-8-validate

  fast-deep-equal@3.1.3: {}

  follow-redirects@1.15.9: {}

  form-data@4.0.1:
    dependencies:
      asynckit: 0.4.0
      combined-stream: 1.0.8
      mime-types: 2.1.35

  graphemer@1.4.0: {}

  iso-datestring-validator@2.2.2: {}

  lodash.snakecase@4.1.1: {}

  lodash@4.17.21: {}

  long-timeout@0.1.1: {}

  luxon@3.5.0: {}

  magic-bytes.js@1.10.0: {}

  mime-db@1.52.0: {}

  mime-types@2.1.35:
    dependencies:
      mime-db: 1.52.0

  moment-duration-format@2.3.2: {}

  moment@2.30.1: {}

  ms@2.1.3: {}

  multiformats@9.9.0: {}

  node-schedule@2.1.1:
    dependencies:
      cron-parser: 4.9.0
      long-timeout: 0.1.1
      sorted-array-functions: 1.3.0

  proxy-from-env@1.1.0: {}

  rxjs@7.8.1:
    dependencies:
      tslib: 2.8.0
    optional: true

  sorted-array-functions@1.3.0: {}

  tlds@1.255.0: {}

  ts-mixer@6.0.4: {}

  tslib@2.8.0: {}

  typed-emitter@2.1.0:
    optionalDependencies:
      rxjs: 7.8.1

  uint8arrays@3.0.0:
    dependencies:
      multiformats: 9.9.0

  undici-types@6.19.8: {}

  undici@6.19.8: {}

  ws@8.18.0: {}

  yaml@2.6.0: {}

  zod@3.23.8: {}
